
Microsoft Visual Studio Solution File, Format Version 12.00
# Visual Studio 15
VisualStudioVersion = 15.0.27703.2042
MinimumVisualStudioVersion = 10.0.40219.1
Project("{FAE04EC0-301F-11D3-BF4B-00C04F79EFBC}") = "WebApplication3", "WebApplication3\WebApplication3.csproj", "{EF1D617D-197D-4ACF-B77E-5A86082DE1B4}"
EndProject
Global
	GlobalSection(SolutionConfigurationPlatforms) = preSolution
		Debug|Any CPU = Debug|Any CPU
		Release|Any CPU = Release|Any CPU
	EndGlobalSection
	GlobalSection(ProjectConfigurationPlatforms) = postSolution
		{EF1D617D-197D-4ACF-B77E-5A86082DE1B4}.Debug|Any CPU.ActiveCfg = Debug|Any CPU
		{EF1D617D-197D-4ACF-B77E-5A86082DE1B4}.Debug|Any CPU.Build.0 = Debug|Any CPU
		{EF1D617D-197D-4ACF-B77E-5A86082DE1B4}.Release|Any CPU.ActiveCfg = Release|Any CPU
		{EF1D617D-197D-4ACF-B77E-5A86082DE1B4}.Release|Any CPU.Build.0 = Release|Any CPU
	EndGlobalSection
	GlobalSection(SolutionProperties) = preSolution
		HideSolutionNode = FALSE
	EndGlobalSection
	GlobalSection(ExtensibilityGlobals) = postSolution
		SolutionGuid = {976081DE-D09E-47DF-AFA5-3AA07E9FA1DE}
	EndGlobalSection
EndGlobal
